// !$*UTF8*$!
{
	archiveVersion = 1;
	classes = {
	};
	objectVersion = 50;
	objects = {

/* Begin PBXBuildFile section */
		631DEDE42611357A004247F7 /* GDLabel.swift in Sources */ = {isa = PBXBuildFile; fileRef = 631DEDE32611357A004247F7 /* GDLabel.swift */; };
		631DEDEC26113D45004247F7 /* Raleway-Regular.ttf in Resources */ = {isa = PBXBuildFile; fileRef = 631DEDEB26113D45004247F7 /* Raleway-Regular.ttf */; };
		631DEDEF2611404E004247F7 /* Raleway-SemiBold.ttf in Resources */ = {isa = PBXBuildFile; fileRef = 631DEDEE2611404E004247F7 /* Raleway-SemiBold.ttf */; };
		631DEDF226114723004247F7 /* GDButton.swift in Sources */ = {isa = PBXBuildFile; fileRef = 631DEDF126114723004247F7 /* GDButton.swift */; };
		631DEDF52611518A004247F7 /* ListVC.swift in Sources */ = {isa = PBXBuildFile; fileRef = 631DEDF42611518A004247F7 /* ListVC.swift */; };
		634E206A26125E3B00AA8B08 /* GDHeaderView.swift in Sources */ = {isa = PBXBuildFile; fileRef = 634E206926125E3B00AA8B08 /* GDHeaderView.swift */; };
		634E206D261269CE00AA8B08 /* optionSet.swift in Sources */ = {isa = PBXBuildFile; fileRef = 634E206C261269CE00AA8B08 /* optionSet.swift */; };
		634E2070261281BB00AA8B08 /* Protocol.swift in Sources */ = {isa = PBXBuildFile; fileRef = 634E206F261281BB00AA8B08 /* Protocol.swift */; };
		6366FA422614FDC300DBC179 /* GDNewItemPopup.swift in Sources */ = {isa = PBXBuildFile; fileRef = 6366FA412614FDC300DBC179 /* GDNewItemPopup.swift */; };
		6366FA452615096800DBC179 /* GDTextField.swift in Sources */ = {isa = PBXBuildFile; fileRef = 6366FA442615096800DBC179 /* GDTextField.swift */; };
		6366FA4C26150A7600DBC179 /* UiView-ext.swift in Sources */ = {isa = PBXBuildFile; fileRef = 6366FA4B26150A7600DBC179 /* UiView-ext.swift */; };
		63DE42CD2610FF19006E3F58 /* AppDelegate.swift in Sources */ = {isa = PBXBuildFile; fileRef = 63DE42CC2610FF19006E3F58 /* AppDelegate.swift */; };
		63DE42CF2610FF19006E3F58 /* SceneDelegate.swift in Sources */ = {isa = PBXBuildFile; fileRef = 63DE42CE2610FF19006E3F58 /* SceneDelegate.swift */; };
		63DE42D12610FF19006E3F58 /* WelcomeVC.swift in Sources */ = {isa = PBXBuildFile; fileRef = 63DE42D02610FF19006E3F58 /* WelcomeVC.swift */; };
		63DE42D72610FF19006E3F58 /* GetItDone.xcdatamodeld in Sources */ = {isa = PBXBuildFile; fileRef = 63DE42D52610FF19006E3F58 /* GetItDone.xcdatamodeld */; };
		63DE42D92610FF1A006E3F58 /* Assets.xcassets in Resources */ = {isa = PBXBuildFile; fileRef = 63DE42D82610FF1A006E3F58 /* Assets.xcassets */; };
		63DE42DC2610FF1A006E3F58 /* LaunchScreen.storyboard in Resources */ = {isa = PBXBuildFile; fileRef = 63DE42DA2610FF1A006E3F58 /* LaunchScreen.storyboard */; };
		63DE42E926110A8B006E3F58 /* GDGradient.swift in Sources */ = {isa = PBXBuildFile; fileRef = 63DE42E826110A8B006E3F58 /* GDGradient.swift */; };
		63DE42ED26110E44006E3F58 /* UIColor-ext.swift in Sources */ = {isa = PBXBuildFile; fileRef = 63DE42EC26110E44006E3F58 /* UIColor-ext.swift */; };
/* End PBXBuildFile section */

/* Begin PBXFileReference section */
		631DEDE32611357A004247F7 /* GDLabel.swift */ = {isa = PBXFileReference; lastKnownFileType = sourcecode.swift; path = GDLabel.swift; sourceTree = "<group>"; };
		631DEDEB26113D45004247F7 /* Raleway-Regular.ttf */ = {isa = PBXFileReference; lastKnownFileType = file; path = "Raleway-Regular.ttf"; sourceTree = "<group>"; };
		631DEDEE2611404E004247F7 /* Raleway-SemiBold.ttf */ = {isa = PBXFileReference; lastKnownFileType = file; path = "Raleway-SemiBold.ttf"; sourceTree = "<group>"; };
		631DEDF126114723004247F7 /* GDButton.swift */ = {isa = PBXFileReference; lastKnownFileType = sourcecode.swift; path = GDButton.swift; sourceTree = "<group>"; };
		631DEDF42611518A004247F7 /* ListVC.swift */ = {isa = PBXFileReference; lastKnownFileType = sourcecode.swift; path = ListVC.swift; sourceTree = "<group>"; };
		634E206926125E3B00AA8B08 /* GDHeaderView.swift */ = {isa = PBXFileReference; lastKnownFileType = sourcecode.swift; path = GDHeaderView.swift; sourceTree = "<group>"; };
		634E206C261269CE00AA8B08 /* optionSet.swift */ = {isa = PBXFileReference; lastKnownFileType = sourcecode.swift; path = optionSet.swift; sourceTree = "<group>"; };
		634E206F261281BB00AA8B08 /* Protocol.swift */ = {isa = PBXFileReference; lastKnownFileType = sourcecode.swift; path = Protocol.swift; sourceTree = "<group>"; };
		6366FA412614FDC300DBC179 /* GDNewItemPopup.swift */ = {isa = PBXFileReference; lastKnownFileType = sourcecode.swift; path = GDNewItemPopup.swift; sourceTree = "<group>"; };
		6366FA442615096800DBC179 /* GDTextField.swift */ = {isa = PBXFileReference; lastKnownFileType = sourcecode.swift; path = GDTextField.swift; sourceTree = "<group>"; };
		6366FA4B26150A7600DBC179 /* UiView-ext.swift */ = {isa = PBXFileReference; lastKnownFileType = sourcecode.swift; path = "UiView-ext.swift"; sourceTree = "<group>"; };
		63DE42C92610FF19006E3F58 /* GetItDone.app */ = {isa = PBXFileReference; explicitFileType = wrapper.application; includeInIndex = 0; path = GetItDone.app; sourceTree = BUILT_PRODUCTS_DIR; };
		63DE42CC2610FF19006E3F58 /* AppDelegate.swift */ = {isa = PBXFileReference; lastKnownFileType = sourcecode.swift; path = AppDelegate.swift; sourceTree = "<group>"; };
		63DE42CE2610FF19006E3F58 /* SceneDelegate.swift */ = {isa = PBXFileReference; lastKnownFileType = sourcecode.swift; path = SceneDelegate.swift; sourceTree = "<group>"; };
		63DE42D02610FF19006E3F58 /* WelcomeVC.swift */ = {isa = PBXFileReference; lastKnownFileType = sourcecode.swift; path = WelcomeVC.swift; sourceTree = "<group>"; };
		63DE42D62610FF19006E3F58 /* GetItDone.xcdatamodel */ = {isa = PBXFileReference; lastKnownFileType = wrapper.xcdatamodel; path = GetItDone.xcdatamodel; sourceTree = "<group>"; };
		63DE42D82610FF1A006E3F58 /* Assets.xcassets */ = {isa = PBXFileReference; lastKnownFileType = folder.assetcatalog; path = Assets.xcassets; sourceTree = "<group>"; };
		63DE42DB2610FF1A006E3F58 /* Base */ = {isa = PBXFileReference; lastKnownFileType = file.storyboard; name = Base; path = Base.lproj/LaunchScreen.storyboard; sourceTree = "<group>"; };
		63DE42DD2610FF1A006E3F58 /* Info.plist */ = {isa = PBXFileReference; lastKnownFileType = text.plist.xml; path = Info.plist; sourceTree = "<group>"; };
		63DE42E826110A8B006E3F58 /* GDGradient.swift */ = {isa = PBXFileReference; lastKnownFileType = sourcecode.swift; path = GDGradient.swift; sourceTree = "<group>"; };
		63DE42EC26110E44006E3F58 /* UIColor-ext.swift */ = {isa = PBXFileReference; lastKnownFileType = sourcecode.swift; path = "UIColor-ext.swift"; sourceTree = "<group>"; };
/* End PBXFileReference section */

/* Begin PBXFrameworksBuildPhase section */
		63DE42C62610FF19006E3F58 /* Frameworks */ = {
			isa = PBXFrameworksBuildPhase;
			buildActionMask = 2147483647;
			files = (
			);
			runOnlyForDeploymentPostprocessing = 0;
		};
/* End PBXFrameworksBuildPhase section */

/* Begin PBXGroup section */
		631DEDE22611350E004247F7 /* View */ = {
			isa = PBXGroup;
			children = (
				63DE42E826110A8B006E3F58 /* GDGradient.swift */,
				631DEDE32611357A004247F7 /* GDLabel.swift */,
				631DEDF126114723004247F7 /* GDButton.swift */,
				634E206926125E3B00AA8B08 /* GDHeaderView.swift */,
				6366FA412614FDC300DBC179 /* GDNewItemPopup.swift */,
				6366FA442615096800DBC179 /* GDTextField.swift */,
			);
			path = View;
			sourceTree = "<group>";
		};
		631DEDEA26113BF1004247F7 /* Fonts */ = {
			isa = PBXGroup;
			children = (
				631DEDEE2611404E004247F7 /* Raleway-SemiBold.ttf */,
				631DEDEB26113D45004247F7 /* Raleway-Regular.ttf */,
			);
			path = Fonts;
			sourceTree = "<group>";
		};
		63DE42C02610FF19006E3F58 = {
			isa = PBXGroup;
			children = (
				63DE42CB2610FF19006E3F58 /* GetItDone */,
				63DE42CA2610FF19006E3F58 /* Products */,
			);
			sourceTree = "<group>";
		};
		63DE42CA2610FF19006E3F58 /* Products */ = {
			isa = PBXGroup;
			children = (
				63DE42C92610FF19006E3F58 /* GetItDone.app */,
			);
			name = Products;
			sourceTree = "<group>";
		};
		63DE42CB2610FF19006E3F58 /* GetItDone */ = {
			isa = PBXGroup;
			children = (
				63DE42CC2610FF19006E3F58 /* AppDelegate.swift */,
				63DE42CE2610FF19006E3F58 /* SceneDelegate.swift */,
				63DE42D02610FF19006E3F58 /* WelcomeVC.swift */,
				631DEDF42611518A004247F7 /* ListVC.swift */,
				631DEDE22611350E004247F7 /* View */,
				63DE42EB26110DFC006E3F58 /* extensions */,
				631DEDEA26113BF1004247F7 /* Fonts */,
				63DE42D82610FF1A006E3F58 /* Assets.xcassets */,
				63DE42DA2610FF1A006E3F58 /* LaunchScreen.storyboard */,
				63DE42DD2610FF1A006E3F58 /* Info.plist */,
				63DE42D52610FF19006E3F58 /* GetItDone.xcdatamodeld */,
			);
			path = GetItDone;
			sourceTree = "<group>";
		};
		63DE42EB26110DFC006E3F58 /* extensions */ = {
			isa = PBXGroup;
			children = (
				63DE42EC26110E44006E3F58 /* UIColor-ext.swift */,
				634E206C261269CE00AA8B08 /* optionSet.swift */,
				634E206F261281BB00AA8B08 /* Protocol.swift */,
				6366FA4B26150A7600DBC179 /* UiView-ext.swift */,
			);
			path = extensions;
			sourceTree = "<group>";
		};
/* End PBXGroup section */

/* Begin PBXNativeTarget section */
		63DE42C82610FF19006E3F58 /* GetItDone */ = {
			isa = PBXNativeTarget;
			buildConfigurationList = 63DE42E02610FF1A006E3F58 /* Build configuration list for PBXNativeTarget "GetItDone" */;
			buildPhases = (
				63DE42C52610FF19006E3F58 /* Sources */,
				63DE42C62610FF19006E3F58 /* Frameworks */,
				63DE42C72610FF19006E3F58 /* Resources */,
			);
			buildRules = (
			);
			dependencies = (
			);
			name = GetItDone;
			productName = GetItDone;
			productReference = 63DE42C92610FF19006E3F58 /* GetItDone.app */;
			productType = "com.apple.product-type.application";
		};
/* End PBXNativeTarget section */

/* Begin PBXProject section */
		63DE42C12610FF19006E3F58 /* Project object */ = {
			isa = PBXProject;
			attributes = {
				LastSwiftUpdateCheck = 1240;
				LastUpgradeCheck = 1240;
				TargetAttributes = {
					63DE42C82610FF19006E3F58 = {
						CreatedOnToolsVersion = 12.4;
					};
				};
			};
			buildConfigurationList = 63DE42C42610FF19006E3F58 /* Build configuration list for PBXProject "GetItDone" */;
			compatibilityVersion = "Xcode 9.3";
			developmentRegion = en;
			hasScannedForEncodings = 0;
			knownRegions = (
				en,
				Base,
			);
			mainGroup = 63DE42C02610FF19006E3F58;
			productRefGroup = 63DE42CA2610FF19006E3F58 /* Products */;
			projectDirPath = "";
			projectRoot = "";
			targets = (
				63DE42C82610FF19006E3F58 /* GetItDone */,
			);
		};
/* End PBXProject section */

/* Begin PBXResourcesBuildPhase section */
		63DE42C72610FF19006E3F58 /* Resources */ = {
			isa = PBXResourcesBuildPhase;
			buildActionMask = 2147483647;
			files = (
				63DE42DC2610FF1A006E3F58 /* LaunchScreen.storyboard in Resources */,
				631DEDEF2611404E004247F7 /* Raleway-SemiBold.ttf in Resources */,
				631DEDEC26113D45004247F7 /* Raleway-Regular.ttf in Resources */,
				63DE42D92610FF1A006E3F58 /* Assets.xcassets in Resources */,
			);
			runOnlyForDeploymentPostprocessing = 0;
		};
/* End PBXResourcesBuildPhase section */

/* Begin PBXSourcesBuildPhase section */
		63DE42C52610FF19006E3F58 /* Sources */ = {
			isa = PBXSourcesBuildPhase;
			buildActionMask = 2147483647;
			files = (
				631DEDF226114723004247F7 /* GDButton.swift in Sources */,
				6366FA4C26150A7600DBC179 /* UiView-ext.swift in Sources */,
				63DE42E926110A8B006E3F58 /* GDGradient.swift in Sources */,
				63DE42ED26110E44006E3F58 /* UIColor-ext.swift in Sources */,
				631DEDF52611518A004247F7 /* ListVC.swift in Sources */,
				6366FA452615096800DBC179 /* GDTextField.swift in Sources */,
				634E206A26125E3B00AA8B08 /* GDHeaderView.swift in Sources */,
				63DE42D12610FF19006E3F58 /* WelcomeVC.swift in Sources */,
				634E206D261269CE00AA8B08 /* optionSet.swift in Sources */,
				63DE42D72610FF19006E3F58 /* GetItDone.xcdatamodeld in Sources */,
				631DEDE42611357A004247F7 /* GDLabel.swift in Sources */,
				63DE42CD2610FF19006E3F58 /* AppDelegate.swift in Sources */,
				63DE42CF2610FF19006E3F58 /* SceneDelegate.swift in Sources */,
				6366FA422614FDC300DBC179 /* GDNewItemPopup.swift in Sources */,
				634E2070261281BB00AA8B08 /* Protocol.swift in Sources */,
			);
			runOnlyForDeploymentPostprocessing = 0;
		};
/* End PBXSourcesBuildPhase section */

/* Begin PBXVariantGroup section */
		63DE42DA2610FF1A006E3F58 /* LaunchScreen.storyboard */ = {
			isa = PBXVariantGroup;
			children = (
				63DE42DB2610FF1A006E3F58 /* Base */,
			);
			name = LaunchScreen.storyboard;
			sourceTree = "<group>";
		};
/* End PBXVariantGroup section */

/* Begin XCBuildConfiguration section */
		63DE42DE2610FF1A006E3F58 /* Debug */ = {
			isa = XCBuildConfiguration;
			buildSettings = {
				ALWAYS_SEARCH_USER_PATHS = NO;
				CLANG_ANALYZER_NONNULL = YES;
				CLANG_ANALYZER_NUMBER_OBJECT_CONVERSION = YES_AGGRESSIVE;
				CLANG_CXX_LANGUAGE_STANDARD = "gnu++14";
				CLANG_CXX_LIBRARY = "libc++";
				CLANG_ENABLE_MODULES = YES;
				CLANG_ENABLE_OBJC_ARC = YES;
				CLANG_ENABLE_OBJC_WEAK = YES;
				CLANG_WARN_BLOCK_CAPTURE_AUTORELEASING = YES;
				CLANG_WARN_BOOL_CONVERSION = YES;
				CLANG_WARN_COMMA = YES;
				CLANG_WARN_CONSTANT_CONVERSION = YES;
				CLANG_WARN_DEPRECATED_OBJC_IMPLEMENTATIONS = YES;
				CLANG_WARN_DIRECT_OBJC_ISA_USAGE = YES_ERROR;
				CLANG_WARN_DOCUMENTATION_COMMENTS = YES;
				CLANG_WARN_EMPTY_BODY = YES;
				CLANG_WARN_ENUM_CONVERSION = YES;
				CLANG_WARN_INFINITE_RECURSION = YES;
				CLANG_WARN_INT_CONVERSION = YES;
				CLANG_WARN_NON_LITERAL_NULL_CONVERSION = YES;
				CLANG_WARN_OBJC_IMPLICIT_RETAIN_SELF = YES;
				CLANG_WARN_OBJC_LITERAL_CONVERSION = YES;
				CLANG_WARN_OBJC_ROOT_CLASS = YES_ERROR;
				CLANG_WARN_QUOTED_INCLUDE_IN_FRAMEWORK_HEADER = YES;
				CLANG_WARN_RANGE_LOOP_ANALYSIS = YES;
				CLANG_WARN_STRICT_PROTOTYPES = YES;
				CLANG_WARN_SUSPICIOUS_MOVE = YES;
				CLANG_WARN_UNGUARDED_AVAILABILITY = YES_AGGRESSIVE;
				CLANG_WARN_UNREACHABLE_CODE = YES;
				CLANG_WARN__DUPLICATE_METHOD_MATCH = YES;
				COPY_PHASE_STRIP = NO;
				DEBUG_INFORMATION_FORMAT = dwarf;
				ENABLE_STRICT_OBJC_MSGSEND = YES;
				ENABLE_TESTABILITY = YES;
				GCC_C_LANGUAGE_STANDARD = gnu11;
				GCC_DYNAMIC_NO_PIC = NO;
				GCC_NO_COMMON_BLOCKS = YES;
				GCC_OPTIMIZATION_LEVEL = 0;
				GCC_PREPROCESSOR_DEFINITIONS = (
					"DEBUG=1",
					"$(inherited)",
				);
				GCC_WARN_64_TO_32_BIT_CONVERSION = YES;
				GCC_WARN_ABOUT_RETURN_TYPE = YES_ERROR;
				GCC_WARN_UNDECLARED_SELECTOR = YES;
				GCC_WARN_UNINITIALIZED_AUTOS = YES_AGGRESSIVE;
				GCC_WARN_UNUSED_FUNCTION = YES;
				GCC_WARN_UNUSED_VARIABLE = YES;
				IPHONEOS_DEPLOYMENT_TARGET = 14.4;
				MTL_ENABLE_DEBUG_INFO = INCLUDE_SOURCE;
				MTL_FAST_MATH = YES;
				ONLY_ACTIVE_ARCH = YES;
				SDKROOT = iphoneos;
				SWIFT_ACTIVE_COMPILATION_CONDITIONS = DEBUG;
				SWIFT_OPTIMIZATION_LEVEL = "-Onone";
			};
			name = Debug;
		};
		63DE42DF2610FF1A006E3F58 /* Release */ = {
			isa = XCBuildConfiguration;
			buildSettings = {
				ALWAYS_SEARCH_USER_PATHS = NO;
				CLANG_ANALYZER_NONNULL = YES;
				CLANG_ANALYZER_NUMBER_OBJECT_CONVERSION = YES_AGGRESSIVE;
				CLANG_CXX_LANGUAGE_STANDARD = "gnu++14";
				CLANG_CXX_LIBRARY = "libc++";
				CLANG_ENABLE_MODULES = YES;
				CLANG_ENABLE_OBJC_ARC = YES;
				CLANG_ENABLE_OBJC_WEAK = YES;
				CLANG_WARN_BLOCK_CAPTURE_AUTORELEASING = YES;
				CLANG_WARN_BOOL_CONVERSION = YES;
				CLANG_WARN_COMMA = YES;
				CLANG_WARN_CONSTANT_CONVERSION = YES;
				CLANG_WARN_DEPRECATED_OBJC_IMPLEMENTATIONS = YES;
				CLANG_WARN_DIRECT_OBJC_ISA_USAGE = YES_ERROR;
				CLANG_WARN_DOCUMENTATION_COMMENTS = YES;
				CLANG_WARN_EMPTY_BODY = YES;
				CLANG_WARN_ENUM_CONVERSION = YES;
				CLANG_WARN_INFINITE_RECURSION = YES;
				CLANG_WARN_INT_CONVERSION = YES;
				CLANG_WARN_NON_LITERAL_NULL_CONVERSION = YES;
				CLANG_WARN_OBJC_IMPLICIT_RETAIN_SELF = YES;
				CLANG_WARN_OBJC_LITERAL_CONVERSION = YES;
				CLANG_WARN_OBJC_ROOT_CLASS = YES_ERROR;
				CLANG_WARN_QUOTED_INCLUDE_IN_FRAMEWORK_HEADER = YES;
				CLANG_WARN_RANGE_LOOP_ANALYSIS = YES;
				CLANG_WARN_STRICT_PROTOTYPES = YES;
				CLANG_WARN_SUSPICIOUS_MOVE = YES;
				CLANG_WARN_UNGUARDED_AVAILABILITY = YES_AGGRESSIVE;
				CLANG_WARN_UNREACHABLE_CODE = YES;
				CLANG_WARN__DUPLICATE_METHOD_MATCH = YES;
				COPY_PHASE_STRIP = NO;
				DEBUG_INFORMATION_FORMAT = "dwarf-with-dsym";
				ENABLE_NS_ASSERTIONS = NO;
				ENABLE_STRICT_OBJC_MSGSEND = YES;
				GCC_C_LANGUAGE_STANDARD = gnu11;
				GCC_NO_COMMON_BLOCKS = YES;
				GCC_WARN_64_TO_32_BIT_CONVERSION = YES;
				GCC_WARN_ABOUT_RETURN_TYPE = YES_ERROR;
				GCC_WARN_UNDECLARED_SELECTOR = YES;
				GCC_WARN_UNINITIALIZED_AUTOS = YES_AGGRESSIVE;
				GCC_WARN_UNUSED_FUNCTION = YES;
				GCC_WARN_UNUSED_VARIABLE = YES;
				IPHONEOS_DEPLOYMENT_TARGET = 14.4;
				MTL_ENABLE_DEBUG_INFO = NO;
				MTL_FAST_MATH = YES;
				SDKROOT = iphoneos;
				SWIFT_COMPILATION_MODE = wholemodule;
				SWIFT_OPTIMIZATION_LEVEL = "-O";
				VALIDATE_PRODUCT = YES;
			};
			name = Release;
		};
		63DE42E12610FF1A006E3F58 /* Debug */ = {
			isa = XCBuildConfiguration;
			buildSettings = {
				ASSETCATALOG_COMPILER_APPICON_NAME = AppIcon;
				ASSETCATALOG_COMPILER_GLOBAL_ACCENT_COLOR_NAME = AccentColor;
				CODE_SIGN_STYLE = Automatic;
				INFOPLIST_FILE = GetItDone/Info.plist;
				LD_RUNPATH_SEARCH_PATHS = (
					"$(inherited)",
					"@executable_path/Frameworks",
				);
				PRODUCT_BUNDLE_IDENTIFIER = "Make-School.GetItDone";
				PRODUCT_NAME = "$(TARGET_NAME)";
				SWIFT_VERSION = 5.0;
				TARGETED_DEVICE_FAMILY = "1,2";
			};
			name = Debug;
		};
		63DE42E22610FF1A006E3F58 /* Release */ = {
			isa = XCBuildConfiguration;
			buildSettings = {
				ASSETCATALOG_COMPILER_APPICON_NAME = AppIcon;
				ASSETCATALOG_COMPILER_GLOBAL_ACCENT_COLOR_NAME = AccentColor;
				CODE_SIGN_STYLE = Automatic;
				INFOPLIST_FILE = GetItDone/Info.plist;
				LD_RUNPATH_SEARCH_PATHS = (
					"$(inherited)",
					"@executable_path/Frameworks",
				);
				PRODUCT_BUNDLE_IDENTIFIER = "Make-School.GetItDone";
				PRODUCT_NAME = "$(TARGET_NAME)";
				SWIFT_VERSION = 5.0;
				TARGETED_DEVICE_FAMILY = "1,2";
			};
			name = Release;
		};
/* End XCBuildConfiguration section */

/* Begin XCConfigurationList section */
		63DE42C42610FF19006E3F58 /* Build configuration list for PBXProject "GetItDone" */ = {
			isa = XCConfigurationList;
			buildConfigurations = (
				63DE42DE2610FF1A006E3F58 /* Debug */,
				63DE42DF2610FF1A006E3F58 /* Release */,
			);
			defaultConfigurationIsVisible = 0;
			defaultConfigurationName = Release;
		};
		63DE42E02610FF1A006E3F58 /* Build configuration list for PBXNativeTarget "GetItDone" */ = {
			isa = XCConfigurationList;
			buildConfigurations = (
				63DE42E12610FF1A006E3F58 /* Debug */,
				63DE42E22610FF1A006E3F58 /* Release */,
			);
			defaultConfigurationIsVisible = 0;
			defaultConfigurationName = Release;
		};
/* End XCConfigurationList section */

/* Begin XCVersionGroup section */
		63DE42D52610FF19006E3F58 /* GetItDone.xcdatamodeld */ = {
			isa = XCVersionGroup;
			children = (
				63DE42D62610FF19006E3F58 /* GetItDone.xcdatamodel */,
			);
			currentVersion = 63DE42D62610FF19006E3F58 /* GetItDone.xcdatamodel */;
			path = GetItDone.xcdatamodeld;
			sourceTree = "<group>";
			versionGroupType = wrapper.xcdatamodel;
		};
/* End XCVersionGroup section */
	};
	rootObject = 63DE42C12610FF19006E3F58 /* Project object */;
}
